
Microsoft Visual Studio Solution File, Format Version 12.00
# Visual Studio 14
VisualStudioVersion = 14.0.24720.0
MinimumVisualStudioVersion = 10.0.40219.1
Project("{FAE04EC0-301F-11D3-BF4B-00C04F79EFBC}") = "FootballAPI", "FootballAPI\FootballAPI.csproj", "{C13E6E5F-F6BD-4C47-9FC5-162284494071}"
EndProject
Project("{FAE04EC0-301F-11D3-BF4B-00C04F79EFBC}") = "FootballAPI.Tests", "FootballAPI.Tests\FootballAPI.Tests.csproj", "{CEFB7005-7A83-415C-87FD-13860C523DF1}"
EndProject
Global
	GlobalSection(SolutionConfigurationPlatforms) = preSolution
		Debug|Any CPU = Debug|Any CPU
		Release|Any CPU = Release|Any CPU
	EndGlobalSection
	GlobalSection(ProjectConfigurationPlatforms) = postSolution
		{C13E6E5F-F6BD-4C47-9FC5-162284494071}.Debug|Any CPU.ActiveCfg = Debug|Any CPU
		{C13E6E5F-F6BD-4C47-9FC5-162284494071}.Debug|Any CPU.Build.0 = Debug|Any CPU
		{C13E6E5F-F6BD-4C47-9FC5-162284494071}.Release|Any CPU.ActiveCfg = Release|Any CPU
		{C13E6E5F-F6BD-4C47-9FC5-162284494071}.Release|Any CPU.Build.0 = Release|Any CPU
		{CEFB7005-7A83-415C-87FD-13860C523DF1}.Debug|Any CPU.ActiveCfg = Debug|Any CPU
		{CEFB7005-7A83-415C-87FD-13860C523DF1}.Debug|Any CPU.Build.0 = Debug|Any CPU
		{CEFB7005-7A83-415C-87FD-13860C523DF1}.Release|Any CPU.ActiveCfg = Release|Any CPU
		{CEFB7005-7A83-415C-87FD-13860C523DF1}.Release|Any CPU.Build.0 = Release|Any CPU
	EndGlobalSection
	GlobalSection(SolutionProperties) = preSolution
		HideSolutionNode = FALSE
	EndGlobalSection
EndGlobal
